# THIS IS AN AUTOGENERATED FILE. DO NOT EDIT THIS FILE DIRECTLY.
# yarn lockfile v1


"@types/prop-types@*":
  version "15.7.1"
  resolved "https://registry.npmjs.org/@types/prop-types/-/prop-types-15.7.1.tgz#f1a11e7babb0c3cad68100be381d1e064c68f1f6"
  integrity sha512-CFzn9idOEpHrgdw8JsoTkaDDyRWk1jrzIV8djzcgpq0y9tG4B4lFT+Nxh52DVpDXV+n4+NPNv7M1Dj5uMp6XFg==

"@types/react-dom@^16.9.9":
  version "16.9.17"
  resolved "https://registry.yarnpkg.com/@types/react-dom/-/react-dom-16.9.17.tgz#29100cbcc422d7b7dba7de24bb906de56680dd34"
  integrity sha512-qSRyxEsrm5btPXnowDOs5jSkgT8ldAA0j6Qp+otHUh+xHzy3sXmgNfyhucZjAjkgpdAUw9rJe0QRtX/l+yaS4g==
  dependencies:
    "@types/react" "^16"

"@types/react@^16", "@types/react@^16.9.56":
  version "16.14.34"
  resolved "https://registry.yarnpkg.com/@types/react/-/react-16.14.34.tgz#d129324ffda312044e1c47aab18696e4ed493282"
  integrity sha512-b99nWeGGReLh6aKBppghVqp93dFJtgtDOzc8NXM6hewD8PQ2zZG5kBLgbx+VJr7Q7WBMjHxaIl3dwpwwPIUgyA==
  dependencies:
    "@types/prop-types" "*"
    "@types/scheduler" "*"
    csstype "^3.0.2"

"@types/scheduler@*":
  version "0.16.2"
  resolved "https://registry.yarnpkg.com/@types/scheduler/-/scheduler-0.16.2.tgz#1a62f89525723dde24ba1b01b092bf5df8ad4d39"
  integrity sha512-hppQEBDmlwhFAXKJX2KnWLYu5yMfi91yazPb2l+lbJiwW+wdo1gNeRA+3RgNSO39WYX2euey41KEwnqesU2Jew==

csstype@^3.0.2:
  version "3.1.1"
  resolved "https://registry.yarnpkg.com/csstype/-/csstype-3.1.1.tgz#841b532c45c758ee546a11d5bd7b7b473c8c30b9"
  integrity sha512-DJR/VvkAvSZW9bTouZue2sSxDwdTN92uHjqeKVm+0dAqdfNykRzQ95tay8aXMBAAPpUiq4Qcug2L7neoRh2Egw==
