# THIS IS AN AUTOGENERATED FILE. DO NOT EDIT THIS FILE DIRECTLY.
# yarn lockfile v1


"@suftnet-ui/alert@^1.0.2":
  version "1.0.2"
  resolved "https://registry.yarnpkg.com/@suftnet-ui/alert/-/alert-1.0.2.tgz#357b02c0619ca90bbead1d4f2f482b7566414c54"
  integrity sha512-LXcUT3IBZuKrqN4TuD7QlTnXThVo6asMx3JVd9LD+HAn7FJrxHdWacodHjOyLrYcgyaSfYPGA+CwyKUKjzgS3w==
  dependencies:
    "@suftnet-ui/core" "^1.0.0"

"@suftnet-ui/containers@^1.0.3":
  version "1.0.3"
  resolved "https://registry.yarnpkg.com/@suftnet-ui/containers/-/containers-1.0.3.tgz#8e8b34d0ca704e3622c259c8028b1854664149f4"
  integrity sha512-p96+Kv4xHUDX1UtCB8VRXm9VkDpHt+cEz9anhgp48sTnePTKi5s1DeOagiRkSu5hIY2rJDk919SMB+9nqaIJSQ==

"@suftnet-ui/core@^1.0.0":
  version "1.0.0"
  resolved "https://registry.yarnpkg.com/@suftnet-ui/core/-/core-1.0.0.tgz#0541f85d6c80f052db71d2a6002b298f9e58259f"
  integrity sha512-u73ElxgLKmDkm/WXyYOdKEpTv5akOMJk6ygfS7Xw5t+F6RcyzqAZ2xRRBJ1ojMgOhc8vcPOTtP2eCYQCfR3f7g==
  dependencies:
    "@types/react" "^16.8.16"
    "@types/react-dom" "^16.8.4"

"@suftnet-ui/create-simple-component@^1.0.0":
  version "1.0.0"
  resolved "https://registry.yarnpkg.com/@suftnet-ui/create-simple-component/-/create-simple-component-1.0.0.tgz#a98c0b4e1983f5b58cd1ddb285e86f172675a010"
  integrity sha512-Ubtd4ql2RGny0wwlcF8v1kslsdBKVMzKF6yVelpmW3qAIJdBhMMHuW/VK7fSvsAHE0UDoSQRAFRDszbf4fnZOQ==
  dependencies:
    "@suftnet-ui/core" "^1.0.0"
    "@types/react" "^16.8.16"
    "@types/react-dom" "^16.8.4"

"@suftnet-ui/icon@^1.0.2":
  version "1.0.2"
  resolved "https://registry.yarnpkg.com/@suftnet-ui/icon/-/icon-1.0.2.tgz#f7aed74953132da6df06fa2ddd8694f0f873cf77"
  integrity sha512-ADDdvp7F2nksEirUNfktcmaHGHqicAh+n2qqgDQlwG46EMfTSnWDgPSjiphzckXJRsGj5H1o/Ctm0N9WCxNuRA==
  dependencies:
    "@suftnet-ui/create-simple-component" "^1.0.0"

"@suftnet-ui/layout@^1.0.6":
  version "1.0.6"
  resolved "https://registry.yarnpkg.com/@suftnet-ui/layout/-/layout-1.0.6.tgz#1b9160fd4d8f22d06a7e27031f8e23e3f2f2495a"
  integrity sha512-lwf1/oEAsMlUvjnilhPcY/oxZhDCS7N08McpLyBxLf7QZzskTWUskhevpET8Bq7ieBOEk/1PmtAARU8RV7JvTQ==

"@types/prop-types@*":
  version "15.7.5"
  resolved "https://registry.yarnpkg.com/@types/prop-types/-/prop-types-15.7.5.tgz#5f19d2b85a98e9558036f6a3cacc8819420f05cf"
  integrity sha512-JCB8C6SnDoQf0cNycqd/35A7MjcnK+ZTqE7judS6o7utxUCg6imJg3QK2qzHKszlTjcj2cn+NwMB2i96ubpj7w==

"@types/react-dom@^16.8.4":
  version "16.9.17"
  resolved "https://registry.yarnpkg.com/@types/react-dom/-/react-dom-16.9.17.tgz#29100cbcc422d7b7dba7de24bb906de56680dd34"
  integrity sha512-qSRyxEsrm5btPXnowDOs5jSkgT8ldAA0j6Qp+otHUh+xHzy3sXmgNfyhucZjAjkgpdAUw9rJe0QRtX/l+yaS4g==
  dependencies:
    "@types/react" "^16"

"@types/react@^16", "@types/react@^16.8.16":
  version "16.14.34"
  resolved "https://registry.yarnpkg.com/@types/react/-/react-16.14.34.tgz#d129324ffda312044e1c47aab18696e4ed493282"
  integrity sha512-b99nWeGGReLh6aKBppghVqp93dFJtgtDOzc8NXM6hewD8PQ2zZG5kBLgbx+VJr7Q7WBMjHxaIl3dwpwwPIUgyA==
  dependencies:
    "@types/prop-types" "*"
    "@types/scheduler" "*"
    csstype "^3.0.2"

"@types/scheduler@*":
  version "0.16.2"
  resolved "https://registry.yarnpkg.com/@types/scheduler/-/scheduler-0.16.2.tgz#1a62f89525723dde24ba1b01b092bf5df8ad4d39"
  integrity sha512-hppQEBDmlwhFAXKJX2KnWLYu5yMfi91yazPb2l+lbJiwW+wdo1gNeRA+3RgNSO39WYX2euey41KEwnqesU2Jew==

csstype@^3.0.2:
  version "3.1.1"
  resolved "https://registry.yarnpkg.com/csstype/-/csstype-3.1.1.tgz#841b532c45c758ee546a11d5bd7b7b473c8c30b9"
  integrity sha512-DJR/VvkAvSZW9bTouZue2sSxDwdTN92uHjqeKVm+0dAqdfNykRzQ95tay8aXMBAAPpUiq4Qcug2L7neoRh2Egw==
